
Microsoft Visual Studio Solution File, Format Version 12.00
# Visual Studio Version 17
VisualStudioVersion = 17.4.33103.184
MinimumVisualStudioVersion = 10.0.40219.1
Project("{FAE04EC0-301F-11D3-BF4B-00C04F79EFBC}") = "HierarchyStructure", "HierarchyStructure\HierarchyStructure.csproj", "{A0DC246F-FA2B-4F23-8F79-34A51EED5ECD}"
EndProject
Project("{FAE04EC0-301F-11D3-BF4B-00C04F79EFBC}") = "HierarchyStructureTests", "HierarchyStructureTests\HierarchyStructureTests.csproj", "{6EBAF7D1-429F-4E52-8697-3AA104C7333C}"
EndProject
Global
	GlobalSection(SolutionConfigurationPlatforms) = preSolution
		Debug|Any CPU = Debug|Any CPU
		Release|Any CPU = Release|Any CPU
	EndGlobalSection
	GlobalSection(ProjectConfigurationPlatforms) = postSolution
		{A0DC246F-FA2B-4F23-8F79-34A51EED5ECD}.Debug|Any CPU.ActiveCfg = Debug|Any CPU
		{A0DC246F-FA2B-4F23-8F79-34A51EED5ECD}.Debug|Any CPU.Build.0 = Debug|Any CPU
		{A0DC246F-FA2B-4F23-8F79-34A51EED5ECD}.Release|Any CPU.ActiveCfg = Release|Any CPU
		{A0DC246F-FA2B-4F23-8F79-34A51EED5ECD}.Release|Any CPU.Build.0 = Release|Any CPU
		{6EBAF7D1-429F-4E52-8697-3AA104C7333C}.Debug|Any CPU.ActiveCfg = Debug|Any CPU
		{6EBAF7D1-429F-4E52-8697-3AA104C7333C}.Debug|Any CPU.Build.0 = Debug|Any CPU
		{6EBAF7D1-429F-4E52-8697-3AA104C7333C}.Release|Any CPU.ActiveCfg = Release|Any CPU
		{6EBAF7D1-429F-4E52-8697-3AA104C7333C}.Release|Any CPU.Build.0 = Release|Any CPU
	EndGlobalSection
	GlobalSection(SolutionProperties) = preSolution
		HideSolutionNode = FALSE
	EndGlobalSection
	GlobalSection(ExtensibilityGlobals) = postSolution
		SolutionGuid = {83323DAB-2774-45E5-8FC8-C9DDE7390FEA}
	EndGlobalSection
EndGlobal
